
Microsoft Visual Studio Solution File, Format Version 12.00
# Visual Studio 15
VisualStudioVersion = 15.0.27004.2005
MinimumVisualStudioVersion = 10.0.40219.1
Project("{8BC9CEB8-8B4A-11D0-8D11-00A0C91BC942}") = "ScrumSimulator_DevHacks2017", "ScrumSimulator_DevHacks2017\ScrumSimulator_DevHacks2017.vcxproj", "{1DC4B01A-354C-4DC6-8FFA-3296C6F4D030}"
EndProject
Global
	GlobalSection(SolutionConfigurationPlatforms) = preSolution
		Debug|x64 = Debug|x64
		Debug|x86 = Debug|x86
		Release|x64 = Release|x64
		Release|x86 = Release|x86
	EndGlobalSection
	GlobalSection(ProjectConfigurationPlatforms) = postSolution
		{1DC4B01A-354C-4DC6-8FFA-3296C6F4D030}.Debug|x64.ActiveCfg = Debug|x64
		{1DC4B01A-354C-4DC6-8FFA-3296C6F4D030}.Debug|x64.Build.0 = Debug|x64
		{1DC4B01A-354C-4DC6-8FFA-3296C6F4D030}.Debug|x86.ActiveCfg = Debug|Win32
		{1DC4B01A-354C-4DC6-8FFA-3296C6F4D030}.Debug|x86.Build.0 = Debug|Win32
		{1DC4B01A-354C-4DC6-8FFA-3296C6F4D030}.Release|x64.ActiveCfg = Release|x64
		{1DC4B01A-354C-4DC6-8FFA-3296C6F4D030}.Release|x64.Build.0 = Release|x64
		{1DC4B01A-354C-4DC6-8FFA-3296C6F4D030}.Release|x86.ActiveCfg = Release|Win32
		{1DC4B01A-354C-4DC6-8FFA-3296C6F4D030}.Release|x86.Build.0 = Release|Win32
	EndGlobalSection
	GlobalSection(SolutionProperties) = preSolution
		HideSolutionNode = FALSE
	EndGlobalSection
	GlobalSection(ExtensibilityGlobals) = postSolution
		SolutionGuid = {F0BFEFAE-BE4F-4E0E-AE29-5A40A3377893}
	EndGlobalSection
EndGlobal
